
Microsoft Visual Studio Solution File, Format Version 12.00
# Visual Studio for Mac
Project("{FAE04EC0-301F-11D3-BF4B-00C04F79EFBC}") = "DriftEscapeiOS", "DriftEscapeiOS.csproj", "{44E37C75-7288-7AA6-0D2C-5A3E44B083B2}"
EndProject
Project("{FAE04EC0-301F-11D3-BF4B-00C04F79EFBC}") = "DriftEscapeiOS.Plugins", "DriftEscapeiOS.Plugins.csproj", "{E5D582D2-9572-4C2F-A449-81C1B9D1114D}"
EndProject
Project("{FAE04EC0-301F-11D3-BF4B-00C04F79EFBC}") = "DriftEscapeiOS.Editor.Plugins", "DriftEscapeiOS.Editor.Plugins.csproj", "{7F4BD0D1-4748-E575-E0A1-68958624F6F4}"
EndProject
Global
	GlobalSection(SolutionConfigurationPlatforms) = preSolution
		Debug|Any CPU = Debug|Any CPU
		Release|Any CPU = Release|Any CPU
	EndGlobalSection
	GlobalSection(ProjectConfigurationPlatforms) = postSolution
		{44E37C75-7288-7AA6-0D2C-5A3E44B083B2}.Debug|Any CPU.ActiveCfg = Debug|Any CPU
		{44E37C75-7288-7AA6-0D2C-5A3E44B083B2}.Debug|Any CPU.Build.0 = Debug|Any CPU
		{44E37C75-7288-7AA6-0D2C-5A3E44B083B2}.Release|Any CPU.ActiveCfg = Release|Any CPU
		{44E37C75-7288-7AA6-0D2C-5A3E44B083B2}.Release|Any CPU.Build.0 = Release|Any CPU
		{E5D582D2-9572-4C2F-A449-81C1B9D1114D}.Debug|Any CPU.ActiveCfg = Debug|Any CPU
		{E5D582D2-9572-4C2F-A449-81C1B9D1114D}.Debug|Any CPU.Build.0 = Debug|Any CPU
		{E5D582D2-9572-4C2F-A449-81C1B9D1114D}.Release|Any CPU.ActiveCfg = Release|Any CPU
		{E5D582D2-9572-4C2F-A449-81C1B9D1114D}.Release|Any CPU.Build.0 = Release|Any CPU
		{7F4BD0D1-4748-E575-E0A1-68958624F6F4}.Debug|Any CPU.ActiveCfg = Debug|Any CPU
		{7F4BD0D1-4748-E575-E0A1-68958624F6F4}.Debug|Any CPU.Build.0 = Debug|Any CPU
		{7F4BD0D1-4748-E575-E0A1-68958624F6F4}.Release|Any CPU.ActiveCfg = Release|Any CPU
		{7F4BD0D1-4748-E575-E0A1-68958624F6F4}.Release|Any CPU.Build.0 = Release|Any CPU
	EndGlobalSection
	GlobalSection(SolutionProperties) = preSolution
		HideSolutionNode = FALSE
	EndGlobalSection
EndGlobal
